// !$*UTF8*$!
{
	archiveVersion = 1;
	classes = {
	};
	objectVersion = 46;
	objects = {

/* Begin PBXBuildFile section */
		5A5E32D41A1CF414002383F8 /* AppKit.framework in Frameworks */ = {isa = PBXBuildFile; fileRef = 5A5E32D31A1CF414002383F8 /* AppKit.framework */; };
		5A5E32D61A1CF414002383F8 /* Foundation.framework in Frameworks */ = {isa = PBXBuildFile; fileRef = 5A5E32D51A1CF414002383F8 /* Foundation.framework */; };
		5A5E32DB1A1CF414002383F8 /* NLAutoGetter.xcscheme in Resources */ = {isa = PBXBuildFile; fileRef = 5A5E32DA1A1CF414002383F8 /* NLAutoGetter.xcscheme */; };
		5A5E32DE1A1CF414002383F8 /* NLAutoGetter.m in Sources */ = {isa = PBXBuildFile; fileRef = 5A5E32DD1A1CF414002383F8 /* NLAutoGetter.m */; };
		5A5E32F11A1CF441002383F8 /* NSString+NLProperty.m in Sources */ = {isa = PBXBuildFile; fileRef = 5A5E32E71A1CF441002383F8 /* NSString+NLProperty.m */; };
		5A5E32F21A1CF441002383F8 /* NSTextView+NLCursor.m in Sources */ = {isa = PBXBuildFile; fileRef = 5A5E32E91A1CF441002383F8 /* NSTextView+NLCursor.m */; };
		5A5E32F31A1CF441002383F8 /* NOCPropertyModel.m in Sources */ = {isa = PBXBuildFile; fileRef = 5A5E32EC1A1CF441002383F8 /* NOCPropertyModel.m */; };
		5A5E32F41A1CF441002383F8 /* SharedXcode.m in Sources */ = {isa = PBXBuildFile; fileRef = 5A5E32EF1A1CF441002383F8 /* SharedXcode.m */; };
		5A5E32F71A1CF479002383F8 /* NLAutoGetterPluginConfig.m in Sources */ = {isa = PBXBuildFile; fileRef = 5A5E32F51A1CF479002383F8 /* NLAutoGetterPluginConfig.m */; };
		5A5E32F91A1CF515002383F8 /* DVTKit.framework in Frameworks */ = {isa = PBXBuildFile; fileRef = 5A5E32F81A1CF515002383F8 /* DVTKit.framework */; };
		5A5E32FB1A1CF51E002383F8 /* IDEKit.framework in Frameworks */ = {isa = PBXBuildFile; fileRef = 5A5E32FA1A1CF51E002383F8 /* IDEKit.framework */; };
		5A5E32FD1A1CF526002383F8 /* IDEFoundation.framework in Frameworks */ = {isa = PBXBuildFile; fileRef = 5A5E32FC1A1CF526002383F8 /* IDEFoundation.framework */; };
		5A5E32FF1A1CF530002383F8 /* DVTFoundation.framework in Frameworks */ = {isa = PBXBuildFile; fileRef = 5A5E32FE1A1CF530002383F8 /* DVTFoundation.framework */; };
/* End PBXBuildFile section */

/* Begin PBXFileReference section */
		5A5E32D01A1CF414002383F8 /* NLAutoGetter.xcplugin */ = {isa = PBXFileReference; explicitFileType = wrapper.cfbundle; includeInIndex = 0; path = NLAutoGetter.xcplugin; sourceTree = BUILT_PRODUCTS_DIR; };
		5A5E32D31A1CF414002383F8 /* AppKit.framework */ = {isa = PBXFileReference; lastKnownFileType = wrapper.framework; name = AppKit.framework; path = /System/Library/Frameworks/AppKit.framework; sourceTree = "<absolute>"; };
		5A5E32D51A1CF414002383F8 /* Foundation.framework */ = {isa = PBXFileReference; lastKnownFileType = wrapper.framework; name = Foundation.framework; path = /System/Library/Frameworks/Foundation.framework; sourceTree = "<absolute>"; };
		5A5E32D91A1CF414002383F8 /* Info.plist */ = {isa = PBXFileReference; lastKnownFileType = text.plist.xml; path = Info.plist; sourceTree = "<group>"; };
		5A5E32DA1A1CF414002383F8 /* NLAutoGetter.xcscheme */ = {isa = PBXFileReference; lastKnownFileType = text.xml; name = NLAutoGetter.xcscheme; path = NLAutoGetter.xcodeproj/xcshareddata/xcschemes/NLAutoGetter.xcscheme; sourceTree = SOURCE_ROOT; };
		5A5E32DC1A1CF414002383F8 /* NLAutoGetter.h */ = {isa = PBXFileReference; lastKnownFileType = sourcecode.c.h; path = NLAutoGetter.h; sourceTree = "<group>"; };
		5A5E32DD1A1CF414002383F8 /* NLAutoGetter.m */ = {isa = PBXFileReference; lastKnownFileType = sourcecode.c.objc; path = NLAutoGetter.m; sourceTree = "<group>"; };
		5A5E32E61A1CF441002383F8 /* NSString+NLProperty.h */ = {isa = PBXFileReference; fileEncoding = 4; lastKnownFileType = sourcecode.c.h; path = "NSString+NLProperty.h"; sourceTree = "<group>"; };
		5A5E32E71A1CF441002383F8 /* NSString+NLProperty.m */ = {isa = PBXFileReference; fileEncoding = 4; lastKnownFileType = sourcecode.c.objc; path = "NSString+NLProperty.m"; sourceTree = "<group>"; };
		5A5E32E81A1CF441002383F8 /* NSTextView+NLCursor.h */ = {isa = PBXFileReference; fileEncoding = 4; lastKnownFileType = sourcecode.c.h; path = "NSTextView+NLCursor.h"; sourceTree = "<group>"; };
		5A5E32E91A1CF441002383F8 /* NSTextView+NLCursor.m */ = {isa = PBXFileReference; fileEncoding = 4; lastKnownFileType = sourcecode.c.objc; path = "NSTextView+NLCursor.m"; sourceTree = "<group>"; };
		5A5E32EB1A1CF441002383F8 /* NOCPropertyModel.h */ = {isa = PBXFileReference; fileEncoding = 4; lastKnownFileType = sourcecode.c.h; path = NOCPropertyModel.h; sourceTree = "<group>"; };
		5A5E32EC1A1CF441002383F8 /* NOCPropertyModel.m */ = {isa = PBXFileReference; fileEncoding = 4; lastKnownFileType = sourcecode.c.objc; path = NOCPropertyModel.m; sourceTree = "<group>"; };
		5A5E32EE1A1CF441002383F8 /* SharedXcode.h */ = {isa = PBXFileReference; fileEncoding = 4; lastKnownFileType = sourcecode.c.h; path = SharedXcode.h; sourceTree = "<group>"; };
		5A5E32EF1A1CF441002383F8 /* SharedXcode.m */ = {isa = PBXFileReference; fileEncoding = 4; lastKnownFileType = sourcecode.c.objc; path = SharedXcode.m; sourceTree = "<group>"; };
		5A5E32F01A1CF441002383F8 /* xprivates.h */ = {isa = PBXFileReference; fileEncoding = 4; lastKnownFileType = sourcecode.c.h; path = xprivates.h; sourceTree = "<group>"; };
		5A5E32F51A1CF479002383F8 /* NLAutoGetterPluginConfig.m */ = {isa = PBXFileReference; fileEncoding = 4; lastKnownFileType = sourcecode.c.objc; path = NLAutoGetterPluginConfig.m; sourceTree = "<group>"; };
		5A5E32F61A1CF479002383F8 /* NLAutoGetterPluginConfig.h */ = {isa = PBXFileReference; fileEncoding = 4; lastKnownFileType = sourcecode.c.h; path = NLAutoGetterPluginConfig.h; sourceTree = "<group>"; };
		5A5E32F81A1CF515002383F8 /* DVTKit.framework */ = {isa = PBXFileReference; lastKnownFileType = wrapper.framework; name = DVTKit.framework; path = ../../../../../Applications/Xcode.app/Contents/SharedFrameworks/DVTKit.framework; sourceTree = "<group>"; };
		5A5E32FA1A1CF51E002383F8 /* IDEKit.framework */ = {isa = PBXFileReference; lastKnownFileType = wrapper.framework; name = IDEKit.framework; path = ../../../../../Applications/Xcode.app/Contents/Frameworks/IDEKit.framework; sourceTree = "<group>"; };
		5A5E32FC1A1CF526002383F8 /* IDEFoundation.framework */ = {isa = PBXFileReference; lastKnownFileType = wrapper.framework; name = IDEFoundation.framework; path = ../../../../../Applications/Xcode.app/Contents/Frameworks/IDEFoundation.framework; sourceTree = "<group>"; };
		5A5E32FE1A1CF530002383F8 /* DVTFoundation.framework */ = {isa = PBXFileReference; lastKnownFileType = wrapper.framework; name = DVTFoundation.framework; path = ../../../../../Applications/Xcode.app/Contents/SharedFrameworks/DVTFoundation.framework; sourceTree = "<group>"; };
/* End PBXFileReference section */

/* Begin PBXFrameworksBuildPhase section */
		5A5E32CE1A1CF414002383F8 /* Frameworks */ = {
			isa = PBXFrameworksBuildPhase;
			buildActionMask = 2147483647;
			files = (
				5A5E32D41A1CF414002383F8 /* AppKit.framework in Frameworks */,
				5A5E32D61A1CF414002383F8 /* Foundation.framework in Frameworks */,
				5A5E32FF1A1CF530002383F8 /* DVTFoundation.framework in Frameworks */,
				5A5E32FB1A1CF51E002383F8 /* IDEKit.framework in Frameworks */,
				5A5E32F91A1CF515002383F8 /* DVTKit.framework in Frameworks */,
				5A5E32FD1A1CF526002383F8 /* IDEFoundation.framework in Frameworks */,
			);
			runOnlyForDeploymentPostprocessing = 0;
		};
/* End PBXFrameworksBuildPhase section */

/* Begin PBXGroup section */
		5A5E32C71A1CF414002383F8 = {
			isa = PBXGroup;
			children = (
				5A5E32D71A1CF414002383F8 /* NLAutoGetter */,
				5A5E32D21A1CF414002383F8 /* Frameworks */,
				5A5E32D11A1CF414002383F8 /* Products */,
			);
			sourceTree = "<group>";
		};
		5A5E32D11A1CF414002383F8 /* Products */ = {
			isa = PBXGroup;
			children = (
				5A5E32D01A1CF414002383F8 /* NLAutoGetter.xcplugin */,
			);
			name = Products;
			sourceTree = "<group>";
		};
		5A5E32D21A1CF414002383F8 /* Frameworks */ = {
			isa = PBXGroup;
			children = (
				5A5E32FE1A1CF530002383F8 /* DVTFoundation.framework */,
				5A5E32FC1A1CF526002383F8 /* IDEFoundation.framework */,
				5A5E32FA1A1CF51E002383F8 /* IDEKit.framework */,
				5A5E32F81A1CF515002383F8 /* DVTKit.framework */,
				5A5E32D31A1CF414002383F8 /* AppKit.framework */,
				5A5E32D51A1CF414002383F8 /* Foundation.framework */,
			);
			name = Frameworks;
			sourceTree = "<group>";
		};
		5A5E32D71A1CF414002383F8 /* NLAutoGetter */ = {
			isa = PBXGroup;
			children = (
				5A5E32E41A1CF441002383F8 /* config */,
				5A5E32E51A1CF441002383F8 /* categorys */,
				5A5E32EA1A1CF441002383F8 /* models */,
				5A5E32ED1A1CF441002383F8 /* xcode */,
				5A5E32DC1A1CF414002383F8 /* NLAutoGetter.h */,
				5A5E32DD1A1CF414002383F8 /* NLAutoGetter.m */,
				5A5E32D81A1CF414002383F8 /* Supporting Files */,
			);
			path = NLAutoGetter;
			sourceTree = "<group>";
		};
		5A5E32D81A1CF414002383F8 /* Supporting Files */ = {
			isa = PBXGroup;
			children = (
				5A5E32D91A1CF414002383F8 /* Info.plist */,
				5A5E32DA1A1CF414002383F8 /* NLAutoGetter.xcscheme */,
			);
			name = "Supporting Files";
			sourceTree = "<group>";
		};
		5A5E32E41A1CF441002383F8 /* config */ = {
			isa = PBXGroup;
			children = (
				5A5E32F51A1CF479002383F8 /* NLAutoGetterPluginConfig.m */,
				5A5E32F61A1CF479002383F8 /* NLAutoGetterPluginConfig.h */,
			);
			path = config;
			sourceTree = "<group>";
		};
		5A5E32E51A1CF441002383F8 /* categorys */ = {
			isa = PBXGroup;
			children = (
				5A5E32E61A1CF441002383F8 /* NSString+NLProperty.h */,
				5A5E32E71A1CF441002383F8 /* NSString+NLProperty.m */,
				5A5E32E81A1CF441002383F8 /* NSTextView+NLCursor.h */,
				5A5E32E91A1CF441002383F8 /* NSTextView+NLCursor.m */,
			);
			path = categorys;
			sourceTree = "<group>";
		};
		5A5E32EA1A1CF441002383F8 /* models */ = {
			isa = PBXGroup;
			children = (
				5A5E32EB1A1CF441002383F8 /* NOCPropertyModel.h */,
				5A5E32EC1A1CF441002383F8 /* NOCPropertyModel.m */,
			);
			path = models;
			sourceTree = "<group>";
		};
		5A5E32ED1A1CF441002383F8 /* xcode */ = {
			isa = PBXGroup;
			children = (
				5A5E32EE1A1CF441002383F8 /* SharedXcode.h */,
				5A5E32EF1A1CF441002383F8 /* SharedXcode.m */,
				5A5E32F01A1CF441002383F8 /* xprivates.h */,
			);
			path = xcode;
			sourceTree = "<group>";
		};
/* End PBXGroup section */

/* Begin PBXNativeTarget section */
		5A5E32CF1A1CF414002383F8 /* NLAutoGetter */ = {
			isa = PBXNativeTarget;
			buildConfigurationList = 5A5E32E11A1CF414002383F8 /* Build configuration list for PBXNativeTarget "NLAutoGetter" */;
			buildPhases = (
				5A5E32CC1A1CF414002383F8 /* Sources */,
				5A5E32CD1A1CF414002383F8 /* Resources */,
				5A5E32CE1A1CF414002383F8 /* Frameworks */,
			);
			buildRules = (
			);
			dependencies = (
			);
			name = NLAutoGetter;
			productName = NLAutoGetter;
			productReference = 5A5E32D01A1CF414002383F8 /* NLAutoGetter.xcplugin */;
			productType = "com.apple.product-type.bundle";
		};
/* End PBXNativeTarget section */

/* Begin PBXProject section */
		5A5E32C81A1CF414002383F8 /* Project object */ = {
			isa = PBXProject;
			attributes = {
				LastUpgradeCheck = 0610;
				ORGANIZATIONNAME = NL;
				TargetAttributes = {
					5A5E32CF1A1CF414002383F8 = {
						CreatedOnToolsVersion = 6.1;
					};
				};
			};
			buildConfigurationList = 5A5E32CB1A1CF414002383F8 /* Build configuration list for PBXProject "NLAutoGetter" */;
			compatibilityVersion = "Xcode 3.2";
			developmentRegion = English;
			hasScannedForEncodings = 0;
			knownRegions = (
				en,
			);
			mainGroup = 5A5E32C71A1CF414002383F8;
			productRefGroup = 5A5E32D11A1CF414002383F8 /* Products */;
			projectDirPath = "";
			projectRoot = "";
			targets = (
				5A5E32CF1A1CF414002383F8 /* NLAutoGetter */,
			);
		};
/* End PBXProject section */

/* Begin PBXResourcesBuildPhase section */
		5A5E32CD1A1CF414002383F8 /* Resources */ = {
			isa = PBXResourcesBuildPhase;
			buildActionMask = 2147483647;
			files = (
				5A5E32DB1A1CF414002383F8 /* NLAutoGetter.xcscheme in Resources */,
			);
			runOnlyForDeploymentPostprocessing = 0;
		};
/* End PBXResourcesBuildPhase section */

/* Begin PBXSourcesBuildPhase section */
		5A5E32CC1A1CF414002383F8 /* Sources */ = {
			isa = PBXSourcesBuildPhase;
			buildActionMask = 2147483647;
			files = (
				5A5E32F71A1CF479002383F8 /* NLAutoGetterPluginConfig.m in Sources */,
				5A5E32F21A1CF441002383F8 /* NSTextView+NLCursor.m in Sources */,
				5A5E32F11A1CF441002383F8 /* NSString+NLProperty.m in Sources */,
				5A5E32DE1A1CF414002383F8 /* NLAutoGetter.m in Sources */,
				5A5E32F31A1CF441002383F8 /* NOCPropertyModel.m in Sources */,
				5A5E32F41A1CF441002383F8 /* SharedXcode.m in Sources */,
			);
			runOnlyForDeploymentPostprocessing = 0;
		};
/* End PBXSourcesBuildPhase section */

/* Begin XCBuildConfiguration section */
		5A5E32DF1A1CF414002383F8 /* Debug */ = {
			isa = XCBuildConfiguration;
			buildSettings = {
				ALWAYS_SEARCH_USER_PATHS = NO;
				CLANG_CXX_LANGUAGE_STANDARD = "gnu++0x";
				CLANG_CXX_LIBRARY = "libc++";
				CLANG_ENABLE_MODULES = YES;
				CLANG_ENABLE_OBJC_ARC = YES;
				CLANG_WARN_BOOL_CONVERSION = YES;
				CLANG_WARN_CONSTANT_CONVERSION = YES;
				CLANG_WARN_DIRECT_OBJC_ISA_USAGE = YES_ERROR;
				CLANG_WARN_EMPTY_BODY = YES;
				CLANG_WARN_ENUM_CONVERSION = YES;
				CLANG_WARN_INT_CONVERSION = YES;
				CLANG_WARN_OBJC_ROOT_CLASS = YES_ERROR;
				CLANG_WARN_UNREACHABLE_CODE = YES;
				CLANG_WARN__DUPLICATE_METHOD_MATCH = YES;
				COPY_PHASE_STRIP = NO;
				ENABLE_STRICT_OBJC_MSGSEND = YES;
				GCC_C_LANGUAGE_STANDARD = gnu99;
				GCC_DYNAMIC_NO_PIC = NO;
				GCC_OPTIMIZATION_LEVEL = 0;
				GCC_PREPROCESSOR_DEFINITIONS = (
					"DEBUG=1",
					"$(inherited)",
				);
				GCC_SYMBOLS_PRIVATE_EXTERN = NO;
				GCC_WARN_64_TO_32_BIT_CONVERSION = YES;
				GCC_WARN_ABOUT_RETURN_TYPE = YES_ERROR;
				GCC_WARN_UNDECLARED_SELECTOR = YES;
				GCC_WARN_UNINITIALIZED_AUTOS = YES_AGGRESSIVE;
				GCC_WARN_UNUSED_FUNCTION = YES;
				GCC_WARN_UNUSED_VARIABLE = YES;
				MTL_ENABLE_DEBUG_INFO = YES;
				ONLY_ACTIVE_ARCH = YES;
			};
			name = Debug;
		};
		5A5E32E01A1CF414002383F8 /* Release */ = {
			isa = XCBuildConfiguration;
			buildSettings = {
				ALWAYS_SEARCH_USER_PATHS = NO;
				CLANG_CXX_LANGUAGE_STANDARD = "gnu++0x";
				CLANG_CXX_LIBRARY = "libc++";
				CLANG_ENABLE_MODULES = YES;
				CLANG_ENABLE_OBJC_ARC = YES;
				CLANG_WARN_BOOL_CONVERSION = YES;
				CLANG_WARN_CONSTANT_CONVERSION = YES;
				CLANG_WARN_DIRECT_OBJC_ISA_USAGE = YES_ERROR;
				CLANG_WARN_EMPTY_BODY = YES;
				CLANG_WARN_ENUM_CONVERSION = YES;
				CLANG_WARN_INT_CONVERSION = YES;
				CLANG_WARN_OBJC_ROOT_CLASS = YES_ERROR;
				CLANG_WARN_UNREACHABLE_CODE = YES;
				CLANG_WARN__DUPLICATE_METHOD_MATCH = YES;
				COPY_PHASE_STRIP = YES;
				ENABLE_NS_ASSERTIONS = NO;
				ENABLE_STRICT_OBJC_MSGSEND = YES;
				GCC_C_LANGUAGE_STANDARD = gnu99;
				GCC_WARN_64_TO_32_BIT_CONVERSION = YES;
				GCC_WARN_ABOUT_RETURN_TYPE = YES_ERROR;
				GCC_WARN_UNDECLARED_SELECTOR = YES;
				GCC_WARN_UNINITIALIZED_AUTOS = YES_AGGRESSIVE;
				GCC_WARN_UNUSED_FUNCTION = YES;
				GCC_WARN_UNUSED_VARIABLE = YES;
				MTL_ENABLE_DEBUG_INFO = NO;
			};
			name = Release;
		};
		5A5E32E21A1CF414002383F8 /* Debug */ = {
			isa = XCBuildConfiguration;
			buildSettings = {
				COMBINE_HIDPI_IMAGES = YES;
				DEPLOYMENT_LOCATION = YES;
				DSTROOT = "$(HOME)";
				FRAMEWORK_SEARCH_PATHS = (
					"$(inherited)",
					"$(SYSTEM_APPS_DIR)/Xcode.app/Contents/SharedFrameworks",
					"$(SYSTEM_APPS_DIR)/Xcode.app/Contents/Frameworks",
				);
				INFOPLIST_FILE = NLAutoGetter/Info.plist;
				INSTALL_PATH = "/Library/Application Support/Developer/Shared/Xcode/Plug-ins";
				MACOSX_DEPLOYMENT_TARGET = 10.10;
				PRODUCT_NAME = "$(TARGET_NAME)";
				WRAPPER_EXTENSION = xcplugin;
			};
			name = Debug;
		};
		5A5E32E31A1CF414002383F8 /* Release */ = {
			isa = XCBuildConfiguration;
			buildSettings = {
				COMBINE_HIDPI_IMAGES = YES;
				DEPLOYMENT_LOCATION = YES;
				DSTROOT = "$(HOME)";
				FRAMEWORK_SEARCH_PATHS = (
					"$(inherited)",
					"$(SYSTEM_APPS_DIR)/Xcode.app/Contents/SharedFrameworks",
					"$(SYSTEM_APPS_DIR)/Xcode.app/Contents/Frameworks",
				);
				INFOPLIST_FILE = NLAutoGetter/Info.plist;
				INSTALL_PATH = "/Library/Application Support/Developer/Shared/Xcode/Plug-ins";
				MACOSX_DEPLOYMENT_TARGET = 10.10;
				PRODUCT_NAME = "$(TARGET_NAME)";
				WRAPPER_EXTENSION = xcplugin;
			};
			name = Release;
		};
/* End XCBuildConfiguration section */

/* Begin XCConfigurationList section */
		5A5E32CB1A1CF414002383F8 /* Build configuration list for PBXProject "NLAutoGetter" */ = {
			isa = XCConfigurationList;
			buildConfigurations = (
				5A5E32DF1A1CF414002383F8 /* Debug */,
				5A5E32E01A1CF414002383F8 /* Release */,
			);
			defaultConfigurationIsVisible = 0;
			defaultConfigurationName = Release;
		};
		5A5E32E11A1CF414002383F8 /* Build configuration list for PBXNativeTarget "NLAutoGetter" */ = {
			isa = XCConfigurationList;
			buildConfigurations = (
				5A5E32E21A1CF414002383F8 /* Debug */,
				5A5E32E31A1CF414002383F8 /* Release */,
			);
			defaultConfigurationIsVisible = 0;
		};
/* End XCConfigurationList section */
	};
	rootObject = 5A5E32C81A1CF414002383F8 /* Project object */;
}
